// !$*UTF8*$!
{
	archiveVersion = 1;
	classes = {
	};
	objectVersion = 55;
	objects = {

/* Begin PBXBuildFile section */
		8AC7521827DF16800002D4F7 /* AppDelegate.swift in Sources */ = {isa = PBXBuildFile; fileRef = 8AC7521727DF16800002D4F7 /* AppDelegate.swift */; };
		8AC7521A27DF16800002D4F7 /* SceneDelegate.swift in Sources */ = {isa = PBXBuildFile; fileRef = 8AC7521927DF16800002D4F7 /* SceneDelegate.swift */; };
		8AC7521C27DF16800002D4F7 /* ViewController.swift in Sources */ = {isa = PBXBuildFile; fileRef = 8AC7521B27DF16800002D4F7 /* ViewController.swift */; };
		8AC7521F27DF16800002D4F7 /* Main.storyboard in Resources */ = {isa = PBXBuildFile; fileRef = 8AC7521D27DF16800002D4F7 /* Main.storyboard */; };
		8AC7522127DF16810002D4F7 /* Assets.xcassets in Resources */ = {isa = PBXBuildFile; fileRef = 8AC7522027DF16810002D4F7 /* Assets.xcassets */; };
		8AC7522427DF16810002D4F7 /* LaunchScreen.storyboard in Resources */ = {isa = PBXBuildFile; fileRef = 8AC7522227DF16810002D4F7 /* LaunchScreen.storyboard */; };
		8AC7522F27DF16810002D4F7 /* MultiThreadedMonsterTests.swift in Sources */ = {isa = PBXBuildFile; fileRef = 8AC7522E27DF16810002D4F7 /* MultiThreadedMonsterTests.swift */; };
		8AC7523927DF16810002D4F7 /* MultiThreadedMonsterUITests.swift in Sources */ = {isa = PBXBuildFile; fileRef = 8AC7523827DF16810002D4F7 /* MultiThreadedMonsterUITests.swift */; };
		8AC7523B27DF16810002D4F7 /* MultiThreadedMonsterUITestsLaunchTests.swift in Sources */ = {isa = PBXBuildFile; fileRef = 8AC7523A27DF16810002D4F7 /* MultiThreadedMonsterUITestsLaunchTests.swift */; };
		8AC7524927DF16D90002D4F7 /* RxCocoa in Frameworks */ = {isa = PBXBuildFile; productRef = 8AC7524827DF16D90002D4F7 /* RxCocoa */; };
		8AC7524B27DF16D90002D4F7 /* RxSwift in Frameworks */ = {isa = PBXBuildFile; productRef = 8AC7524A27DF16D90002D4F7 /* RxSwift */; };
/* End PBXBuildFile section */

/* Begin PBXContainerItemProxy section */
		8AC7522B27DF16810002D4F7 /* PBXContainerItemProxy */ = {
			isa = PBXContainerItemProxy;
			containerPortal = 8AC7520C27DF16800002D4F7 /* Project object */;
			proxyType = 1;
			remoteGlobalIDString = 8AC7521327DF16800002D4F7;
			remoteInfo = MultiThreadedMonster;
		};
		8AC7523527DF16810002D4F7 /* PBXContainerItemProxy */ = {
			isa = PBXContainerItemProxy;
			containerPortal = 8AC7520C27DF16800002D4F7 /* Project object */;
			proxyType = 1;
			remoteGlobalIDString = 8AC7521327DF16800002D4F7;
			remoteInfo = MultiThreadedMonster;
		};
/* End PBXContainerItemProxy section */

/* Begin PBXFileReference section */
		8AC7521427DF16800002D4F7 /* MultiThreadedMonster.app */ = {isa = PBXFileReference; explicitFileType = wrapper.application; includeInIndex = 0; path = MultiThreadedMonster.app; sourceTree = BUILT_PRODUCTS_DIR; };
		8AC7521727DF16800002D4F7 /* AppDelegate.swift */ = {isa = PBXFileReference; lastKnownFileType = sourcecode.swift; path = AppDelegate.swift; sourceTree = "<group>"; };
		8AC7521927DF16800002D4F7 /* SceneDelegate.swift */ = {isa = PBXFileReference; lastKnownFileType = sourcecode.swift; path = SceneDelegate.swift; sourceTree = "<group>"; };
		8AC7521B27DF16800002D4F7 /* ViewController.swift */ = {isa = PBXFileReference; lastKnownFileType = sourcecode.swift; path = ViewController.swift; sourceTree = "<group>"; };
		8AC7521E27DF16800002D4F7 /* Base */ = {isa = PBXFileReference; lastKnownFileType = file.storyboard; name = Base; path = Base.lproj/Main.storyboard; sourceTree = "<group>"; };
		8AC7522027DF16810002D4F7 /* Assets.xcassets */ = {isa = PBXFileReference; lastKnownFileType = folder.assetcatalog; path = Assets.xcassets; sourceTree = "<group>"; };
		8AC7522327DF16810002D4F7 /* Base */ = {isa = PBXFileReference; lastKnownFileType = file.storyboard; name = Base; path = Base.lproj/LaunchScreen.storyboard; sourceTree = "<group>"; };
		8AC7522527DF16810002D4F7 /* Info.plist */ = {isa = PBXFileReference; lastKnownFileType = text.plist.xml; path = Info.plist; sourceTree = "<group>"; };
		8AC7522A27DF16810002D4F7 /* MultiThreadedMonsterTests.xctest */ = {isa = PBXFileReference; explicitFileType = wrapper.cfbundle; includeInIndex = 0; path = MultiThreadedMonsterTests.xctest; sourceTree = BUILT_PRODUCTS_DIR; };
		8AC7522E27DF16810002D4F7 /* MultiThreadedMonsterTests.swift */ = {isa = PBXFileReference; lastKnownFileType = sourcecode.swift; path = MultiThreadedMonsterTests.swift; sourceTree = "<group>"; };
		8AC7523427DF16810002D4F7 /* MultiThreadedMonsterUITests.xctest */ = {isa = PBXFileReference; explicitFileType = wrapper.cfbundle; includeInIndex = 0; path = MultiThreadedMonsterUITests.xctest; sourceTree = BUILT_PRODUCTS_DIR; };
		8AC7523827DF16810002D4F7 /* MultiThreadedMonsterUITests.swift */ = {isa = PBXFileReference; lastKnownFileType = sourcecode.swift; path = MultiThreadedMonsterUITests.swift; sourceTree = "<group>"; };
		8AC7523A27DF16810002D4F7 /* MultiThreadedMonsterUITestsLaunchTests.swift */ = {isa = PBXFileReference; lastKnownFileType = sourcecode.swift; path = MultiThreadedMonsterUITestsLaunchTests.swift; sourceTree = "<group>"; };
/* End PBXFileReference section */

/* Begin PBXFrameworksBuildPhase section */
		8AC7521127DF16800002D4F7 /* Frameworks */ = {
			isa = PBXFrameworksBuildPhase;
			buildActionMask = 2147483647;
			files = (
				8AC7524B27DF16D90002D4F7 /* RxSwift in Frameworks */,
				8AC7524927DF16D90002D4F7 /* RxCocoa in Frameworks */,
			);
			runOnlyForDeploymentPostprocessing = 0;
		};
		8AC7522727DF16810002D4F7 /* Frameworks */ = {
			isa = PBXFrameworksBuildPhase;
			buildActionMask = 2147483647;
			files = (
			);
			runOnlyForDeploymentPostprocessing = 0;
		};
		8AC7523127DF16810002D4F7 /* Frameworks */ = {
			isa = PBXFrameworksBuildPhase;
			buildActionMask = 2147483647;
			files = (
			);
			runOnlyForDeploymentPostprocessing = 0;
		};
/* End PBXFrameworksBuildPhase section */

/* Begin PBXGroup section */
		8AC7520B27DF16800002D4F7 = {
			isa = PBXGroup;
			children = (
				8AC7521627DF16800002D4F7 /* MultiThreadedMonster */,
				8AC7522D27DF16810002D4F7 /* MultiThreadedMonsterTests */,
				8AC7523727DF16810002D4F7 /* MultiThreadedMonsterUITests */,
				8AC7521527DF16800002D4F7 /* Products */,
			);
			sourceTree = "<group>";
		};
		8AC7521527DF16800002D4F7 /* Products */ = {
			isa = PBXGroup;
			children = (
				8AC7521427DF16800002D4F7 /* MultiThreadedMonster.app */,
				8AC7522A27DF16810002D4F7 /* MultiThreadedMonsterTests.xctest */,
				8AC7523427DF16810002D4F7 /* MultiThreadedMonsterUITests.xctest */,
			);
			name = Products;
			sourceTree = "<group>";
		};
		8AC7521627DF16800002D4F7 /* MultiThreadedMonster */ = {
			isa = PBXGroup;
			children = (
				8AC7521727DF16800002D4F7 /* AppDelegate.swift */,
				8AC7521927DF16800002D4F7 /* SceneDelegate.swift */,
				8AC7521B27DF16800002D4F7 /* ViewController.swift */,
				8AC7521D27DF16800002D4F7 /* Main.storyboard */,
				8AC7522027DF16810002D4F7 /* Assets.xcassets */,
				8AC7522227DF16810002D4F7 /* LaunchScreen.storyboard */,
				8AC7522527DF16810002D4F7 /* Info.plist */,
			);
			path = MultiThreadedMonster;
			sourceTree = "<group>";
		};
		8AC7522D27DF16810002D4F7 /* MultiThreadedMonsterTests */ = {
			isa = PBXGroup;
			children = (
				8AC7522E27DF16810002D4F7 /* MultiThreadedMonsterTests.swift */,
			);
			path = MultiThreadedMonsterTests;
			sourceTree = "<group>";
		};
		8AC7523727DF16810002D4F7 /* MultiThreadedMonsterUITests */ = {
			isa = PBXGroup;
			children = (
				8AC7523827DF16810002D4F7 /* MultiThreadedMonsterUITests.swift */,
				8AC7523A27DF16810002D4F7 /* MultiThreadedMonsterUITestsLaunchTests.swift */,
			);
			path = MultiThreadedMonsterUITests;
			sourceTree = "<group>";
		};
/* End PBXGroup section */

/* Begin PBXNativeTarget section */
		8AC7521327DF16800002D4F7 /* MultiThreadedMonster */ = {
			isa = PBXNativeTarget;
			buildConfigurationList = 8AC7523E27DF16810002D4F7 /* Build configuration list for PBXNativeTarget "MultiThreadedMonster" */;
			buildPhases = (
				8AC7521027DF16800002D4F7 /* Sources */,
				8AC7521127DF16800002D4F7 /* Frameworks */,
				8AC7521227DF16800002D4F7 /* Resources */,
			);
			buildRules = (
			);
			dependencies = (
			);
			name = MultiThreadedMonster;
			packageProductDependencies = (
				8AC7524827DF16D90002D4F7 /* RxCocoa */,
				8AC7524A27DF16D90002D4F7 /* RxSwift */,
			);
			productName = MultiThreadedMonster;
			productReference = 8AC7521427DF16800002D4F7 /* MultiThreadedMonster.app */;
			productType = "com.apple.product-type.application";
		};
		8AC7522927DF16810002D4F7 /* MultiThreadedMonsterTests */ = {
			isa = PBXNativeTarget;
			buildConfigurationList = 8AC7524127DF16810002D4F7 /* Build configuration list for PBXNativeTarget "MultiThreadedMonsterTests" */;
			buildPhases = (
				8AC7522627DF16810002D4F7 /* Sources */,
				8AC7522727DF16810002D4F7 /* Frameworks */,
				8AC7522827DF16810002D4F7 /* Resources */,
			);
			buildRules = (
			);
			dependencies = (
				8AC7522C27DF16810002D4F7 /* PBXTargetDependency */,
			);
			name = MultiThreadedMonsterTests;
			productName = MultiThreadedMonsterTests;
			productReference = 8AC7522A27DF16810002D4F7 /* MultiThreadedMonsterTests.xctest */;
			productType = "com.apple.product-type.bundle.unit-test";
		};
		8AC7523327DF16810002D4F7 /* MultiThreadedMonsterUITests */ = {
			isa = PBXNativeTarget;
			buildConfigurationList = 8AC7524427DF16810002D4F7 /* Build configuration list for PBXNativeTarget "MultiThreadedMonsterUITests" */;
			buildPhases = (
				8AC7523027DF16810002D4F7 /* Sources */,
				8AC7523127DF16810002D4F7 /* Frameworks */,
				8AC7523227DF16810002D4F7 /* Resources */,
			);
			buildRules = (
			);
			dependencies = (
				8AC7523627DF16810002D4F7 /* PBXTargetDependency */,
			);
			name = MultiThreadedMonsterUITests;
			productName = MultiThreadedMonsterUITests;
			productReference = 8AC7523427DF16810002D4F7 /* MultiThreadedMonsterUITests.xctest */;
			productType = "com.apple.product-type.bundle.ui-testing";
		};
/* End PBXNativeTarget section */

/* Begin PBXProject section */
		8AC7520C27DF16800002D4F7 /* Project object */ = {
			isa = PBXProject;
			attributes = {
				BuildIndependentTargetsInParallel = 1;
				LastSwiftUpdateCheck = 1320;
				LastUpgradeCheck = 1320;
				TargetAttributes = {
					8AC7521327DF16800002D4F7 = {
						CreatedOnToolsVersion = 13.2.1;
					};
					8AC7522927DF16810002D4F7 = {
						CreatedOnToolsVersion = 13.2.1;
						TestTargetID = 8AC7521327DF16800002D4F7;
					};
					8AC7523327DF16810002D4F7 = {
						CreatedOnToolsVersion = 13.2.1;
						TestTargetID = 8AC7521327DF16800002D4F7;
					};
				};
			};
			buildConfigurationList = 8AC7520F27DF16800002D4F7 /* Build configuration list for PBXProject "MultiThreadedMonster" */;
			compatibilityVersion = "Xcode 13.0";
			developmentRegion = en;
			hasScannedForEncodings = 0;
			knownRegions = (
				en,
				Base,
			);
			mainGroup = 8AC7520B27DF16800002D4F7;
			packageReferences = (
				8AC7524727DF16D90002D4F7 /* XCRemoteSwiftPackageReference "RxSwift" */,
			);
			productRefGroup = 8AC7521527DF16800002D4F7 /* Products */;
			projectDirPath = "";
			projectRoot = "";
			targets = (
				8AC7521327DF16800002D4F7 /* MultiThreadedMonster */,
				8AC7522927DF16810002D4F7 /* MultiThreadedMonsterTests */,
				8AC7523327DF16810002D4F7 /* MultiThreadedMonsterUITests */,
			);
		};
/* End PBXProject section */

/* Begin PBXResourcesBuildPhase section */
		8AC7521227DF16800002D4F7 /* Resources */ = {
			isa = PBXResourcesBuildPhase;
			buildActionMask = 2147483647;
			files = (
				8AC7522427DF16810002D4F7 /* LaunchScreen.storyboard in Resources */,
				8AC7522127DF16810002D4F7 /* Assets.xcassets in Resources */,
				8AC7521F27DF16800002D4F7 /* Main.storyboard in Resources */,
			);
			runOnlyForDeploymentPostprocessing = 0;
		};
		8AC7522827DF16810002D4F7 /* Resources */ = {
			isa = PBXResourcesBuildPhase;
			buildActionMask = 2147483647;
			files = (
			);
			runOnlyForDeploymentPostprocessing = 0;
		};
		8AC7523227DF16810002D4F7 /* Resources */ = {
			isa = PBXResourcesBuildPhase;
			buildActionMask = 2147483647;
			files = (
			);
			runOnlyForDeploymentPostprocessing = 0;
		};
/* End PBXResourcesBuildPhase section */

/* Begin PBXSourcesBuildPhase section */
		8AC7521027DF16800002D4F7 /* Sources */ = {
			isa = PBXSourcesBuildPhase;
			buildActionMask = 2147483647;
			files = (
				8AC7521C27DF16800002D4F7 /* ViewController.swift in Sources */,
				8AC7521827DF16800002D4F7 /* AppDelegate.swift in Sources */,
				8AC7521A27DF16800002D4F7 /* SceneDelegate.swift in Sources */,
			);
			runOnlyForDeploymentPostprocessing = 0;
		};
		8AC7522627DF16810002D4F7 /* Sources */ = {
			isa = PBXSourcesBuildPhase;
			buildActionMask = 2147483647;
			files = (
				8AC7522F27DF16810002D4F7 /* MultiThreadedMonsterTests.swift in Sources */,
			);
			runOnlyForDeploymentPostprocessing = 0;
		};
		8AC7523027DF16810002D4F7 /* Sources */ = {
			isa = PBXSourcesBuildPhase;
			buildActionMask = 2147483647;
			files = (
				8AC7523B27DF16810002D4F7 /* MultiThreadedMonsterUITestsLaunchTests.swift in Sources */,
				8AC7523927DF16810002D4F7 /* MultiThreadedMonsterUITests.swift in Sources */,
			);
			runOnlyForDeploymentPostprocessing = 0;
		};
/* End PBXSourcesBuildPhase section */

/* Begin PBXTargetDependency section */
		8AC7522C27DF16810002D4F7 /* PBXTargetDependency */ = {
			isa = PBXTargetDependency;
			target = 8AC7521327DF16800002D4F7 /* MultiThreadedMonster */;
			targetProxy = 8AC7522B27DF16810002D4F7 /* PBXContainerItemProxy */;
		};
		8AC7523627DF16810002D4F7 /* PBXTargetDependency */ = {
			isa = PBXTargetDependency;
			target = 8AC7521327DF16800002D4F7 /* MultiThreadedMonster */;
			targetProxy = 8AC7523527DF16810002D4F7 /* PBXContainerItemProxy */;
		};
/* End PBXTargetDependency section */

/* Begin PBXVariantGroup section */
		8AC7521D27DF16800002D4F7 /* Main.storyboard */ = {
			isa = PBXVariantGroup;
			children = (
				8AC7521E27DF16800002D4F7 /* Base */,
			);
			name = Main.storyboard;
			sourceTree = "<group>";
		};
		8AC7522227DF16810002D4F7 /* LaunchScreen.storyboard */ = {
			isa = PBXVariantGroup;
			children = (
				8AC7522327DF16810002D4F7 /* Base */,
			);
			name = LaunchScreen.storyboard;
			sourceTree = "<group>";
		};
/* End PBXVariantGroup section */

/* Begin XCBuildConfiguration section */
		8AC7523C27DF16810002D4F7 /* Debug */ = {
			isa = XCBuildConfiguration;
			buildSettings = {
				ALWAYS_SEARCH_USER_PATHS = NO;
				CLANG_ANALYZER_NONNULL = YES;
				CLANG_ANALYZER_NUMBER_OBJECT_CONVERSION = YES_AGGRESSIVE;
				CLANG_CXX_LANGUAGE_STANDARD = "gnu++17";
				CLANG_CXX_LIBRARY = "libc++";
				CLANG_ENABLE_MODULES = YES;
				CLANG_ENABLE_OBJC_ARC = YES;
				CLANG_ENABLE_OBJC_WEAK = YES;
				CLANG_WARN_BLOCK_CAPTURE_AUTORELEASING = YES;
				CLANG_WARN_BOOL_CONVERSION = YES;
				CLANG_WARN_COMMA = YES;
				CLANG_WARN_CONSTANT_CONVERSION = YES;
				CLANG_WARN_DEPRECATED_OBJC_IMPLEMENTATIONS = YES;
				CLANG_WARN_DIRECT_OBJC_ISA_USAGE = YES_ERROR;
				CLANG_WARN_DOCUMENTATION_COMMENTS = YES;
				CLANG_WARN_EMPTY_BODY = YES;
				CLANG_WARN_ENUM_CONVERSION = YES;
				CLANG_WARN_INFINITE_RECURSION = YES;
				CLANG_WARN_INT_CONVERSION = YES;
				CLANG_WARN_NON_LITERAL_NULL_CONVERSION = YES;
				CLANG_WARN_OBJC_IMPLICIT_RETAIN_SELF = YES;
				CLANG_WARN_OBJC_LITERAL_CONVERSION = YES;
				CLANG_WARN_OBJC_ROOT_CLASS = YES_ERROR;
				CLANG_WARN_QUOTED_INCLUDE_IN_FRAMEWORK_HEADER = YES;
				CLANG_WARN_RANGE_LOOP_ANALYSIS = YES;
				CLANG_WARN_STRICT_PROTOTYPES = YES;
				CLANG_WARN_SUSPICIOUS_MOVE = YES;
				CLANG_WARN_UNGUARDED_AVAILABILITY = YES_AGGRESSIVE;
				CLANG_WARN_UNREACHABLE_CODE = YES;
				CLANG_WARN__DUPLICATE_METHOD_MATCH = YES;
				COPY_PHASE_STRIP = NO;
				DEBUG_INFORMATION_FORMAT = dwarf;
				ENABLE_STRICT_OBJC_MSGSEND = YES;
				ENABLE_TESTABILITY = YES;
				GCC_C_LANGUAGE_STANDARD = gnu11;
				GCC_DYNAMIC_NO_PIC = NO;
				GCC_NO_COMMON_BLOCKS = YES;
				GCC_OPTIMIZATION_LEVEL = 0;
				GCC_PREPROCESSOR_DEFINITIONS = (
					"DEBUG=1",
					"$(inherited)",
				);
				GCC_WARN_64_TO_32_BIT_CONVERSION = YES;
				GCC_WARN_ABOUT_RETURN_TYPE = YES_ERROR;
				GCC_WARN_UNDECLARED_SELECTOR = YES;
				GCC_WARN_UNINITIALIZED_AUTOS = YES_AGGRESSIVE;
				GCC_WARN_UNUSED_FUNCTION = YES;
				GCC_WARN_UNUSED_VARIABLE = YES;
				IPHONEOS_DEPLOYMENT_TARGET = 15.2;
				MTL_ENABLE_DEBUG_INFO = INCLUDE_SOURCE;
				MTL_FAST_MATH = YES;
				ONLY_ACTIVE_ARCH = YES;
				SDKROOT = iphoneos;
				SWIFT_ACTIVE_COMPILATION_CONDITIONS = DEBUG;
				SWIFT_OPTIMIZATION_LEVEL = "-Onone";
			};
			name = Debug;
		};
		8AC7523D27DF16810002D4F7 /* Release */ = {
			isa = XCBuildConfiguration;
			buildSettings = {
				ALWAYS_SEARCH_USER_PATHS = NO;
				CLANG_ANALYZER_NONNULL = YES;
				CLANG_ANALYZER_NUMBER_OBJECT_CONVERSION = YES_AGGRESSIVE;
				CLANG_CXX_LANGUAGE_STANDARD = "gnu++17";
				CLANG_CXX_LIBRARY = "libc++";
				CLANG_ENABLE_MODULES = YES;
				CLANG_ENABLE_OBJC_ARC = YES;
				CLANG_ENABLE_OBJC_WEAK = YES;
				CLANG_WARN_BLOCK_CAPTURE_AUTORELEASING = YES;
				CLANG_WARN_BOOL_CONVERSION = YES;
				CLANG_WARN_COMMA = YES;
				CLANG_WARN_CONSTANT_CONVERSION = YES;
				CLANG_WARN_DEPRECATED_OBJC_IMPLEMENTATIONS = YES;
				CLANG_WARN_DIRECT_OBJC_ISA_USAGE = YES_ERROR;
				CLANG_WARN_DOCUMENTATION_COMMENTS = YES;
				CLANG_WARN_EMPTY_BODY = YES;
				CLANG_WARN_ENUM_CONVERSION = YES;
				CLANG_WARN_INFINITE_RECURSION = YES;
				CLANG_WARN_INT_CONVERSION = YES;
				CLANG_WARN_NON_LITERAL_NULL_CONVERSION = YES;
				CLANG_WARN_OBJC_IMPLICIT_RETAIN_SELF = YES;
				CLANG_WARN_OBJC_LITERAL_CONVERSION = YES;
				CLANG_WARN_OBJC_ROOT_CLASS = YES_ERROR;
				CLANG_WARN_QUOTED_INCLUDE_IN_FRAMEWORK_HEADER = YES;
				CLANG_WARN_RANGE_LOOP_ANALYSIS = YES;
				CLANG_WARN_STRICT_PROTOTYPES = YES;
				CLANG_WARN_SUSPICIOUS_MOVE = YES;
				CLANG_WARN_UNGUARDED_AVAILABILITY = YES_AGGRESSIVE;
				CLANG_WARN_UNREACHABLE_CODE = YES;
				CLANG_WARN__DUPLICATE_METHOD_MATCH = YES;
				COPY_PHASE_STRIP = NO;
				DEBUG_INFORMATION_FORMAT = "dwarf-with-dsym";
				ENABLE_NS_ASSERTIONS = NO;
				ENABLE_STRICT_OBJC_MSGSEND = YES;
				GCC_C_LANGUAGE_STANDARD = gnu11;
				GCC_NO_COMMON_BLOCKS = YES;
				GCC_WARN_64_TO_32_BIT_CONVERSION = YES;
				GCC_WARN_ABOUT_RETURN_TYPE = YES_ERROR;
				GCC_WARN_UNDECLARED_SELECTOR = YES;
				GCC_WARN_UNINITIALIZED_AUTOS = YES_AGGRESSIVE;
				GCC_WARN_UNUSED_FUNCTION = YES;
				GCC_WARN_UNUSED_VARIABLE = YES;
				IPHONEOS_DEPLOYMENT_TARGET = 15.2;
				MTL_ENABLE_DEBUG_INFO = NO;
				MTL_FAST_MATH = YES;
				SDKROOT = iphoneos;
				SWIFT_COMPILATION_MODE = wholemodule;
				SWIFT_OPTIMIZATION_LEVEL = "-O";
				VALIDATE_PRODUCT = YES;
			};
			name = Release;
		};
		8AC7523F27DF16810002D4F7 /* Debug */ = {
			isa = XCBuildConfiguration;
			buildSettings = {
				ASSETCATALOG_COMPILER_APPICON_NAME = AppIcon;
				ASSETCATALOG_COMPILER_GLOBAL_ACCENT_COLOR_NAME = AccentColor;
				CODE_SIGN_STYLE = Automatic;
				CURRENT_PROJECT_VERSION = 1;
				DEVELOPMENT_TEAM = Q7BEAG244J;
				GENERATE_INFOPLIST_FILE = YES;
				INFOPLIST_FILE = MultiThreadedMonster/Info.plist;
				INFOPLIST_KEY_UIApplicationSupportsIndirectInputEvents = YES;
				INFOPLIST_KEY_UILaunchStoryboardName = LaunchScreen;
				INFOPLIST_KEY_UIMainStoryboardFile = Main;
				INFOPLIST_KEY_UISupportedInterfaceOrientations_iPad = "UIInterfaceOrientationPortrait UIInterfaceOrientationPortraitUpsideDown UIInterfaceOrientationLandscapeLeft UIInterfaceOrientationLandscapeRight";
				INFOPLIST_KEY_UISupportedInterfaceOrientations_iPhone = "UIInterfaceOrientationPortrait UIInterfaceOrientationLandscapeLeft UIInterfaceOrientationLandscapeRight";
				LD_RUNPATH_SEARCH_PATHS = (
					"$(inherited)",
					"@executable_path/Frameworks",
				);
				MARKETING_VERSION = 1.0;
				PRODUCT_BUNDLE_IDENTIFIER = com.mightystrong.MultiThreadedMonster;
				PRODUCT_NAME = "$(TARGET_NAME)";
				SWIFT_EMIT_LOC_STRINGS = YES;
				SWIFT_VERSION = 5.0;
				TARGETED_DEVICE_FAMILY = "1,2";
			};
			name = Debug;
		};
		8AC7524027DF16810002D4F7 /* Release */ = {
			isa = XCBuildConfiguration;
			buildSettings = {
				ASSETCATALOG_COMPILER_APPICON_NAME = AppIcon;
				ASSETCATALOG_COMPILER_GLOBAL_ACCENT_COLOR_NAME = AccentColor;
				CODE_SIGN_STYLE = Automatic;
				CURRENT_PROJECT_VERSION = 1;
				DEVELOPMENT_TEAM = Q7BEAG244J;
				GENERATE_INFOPLIST_FILE = YES;
				INFOPLIST_FILE = MultiThreadedMonster/Info.plist;
				INFOPLIST_KEY_UIApplicationSupportsIndirectInputEvents = YES;
				INFOPLIST_KEY_UILaunchStoryboardName = LaunchScreen;
				INFOPLIST_KEY_UIMainStoryboardFile = Main;
				INFOPLIST_KEY_UISupportedInterfaceOrientations_iPad = "UIInterfaceOrientationPortrait UIInterfaceOrientationPortraitUpsideDown UIInterfaceOrientationLandscapeLeft UIInterfaceOrientationLandscapeRight";
				INFOPLIST_KEY_UISupportedInterfaceOrientations_iPhone = "UIInterfaceOrientationPortrait UIInterfaceOrientationLandscapeLeft UIInterfaceOrientationLandscapeRight";
				LD_RUNPATH_SEARCH_PATHS = (
					"$(inherited)",
					"@executable_path/Frameworks",
				);
				MARKETING_VERSION = 1.0;
				PRODUCT_BUNDLE_IDENTIFIER = com.mightystrong.MultiThreadedMonster;
				PRODUCT_NAME = "$(TARGET_NAME)";
				SWIFT_EMIT_LOC_STRINGS = YES;
				SWIFT_VERSION = 5.0;
				TARGETED_DEVICE_FAMILY = "1,2";
			};
			name = Release;
		};
		8AC7524227DF16810002D4F7 /* Debug */ = {
			isa = XCBuildConfiguration;
			buildSettings = {
				ALWAYS_EMBED_SWIFT_STANDARD_LIBRARIES = YES;
				BUNDLE_LOADER = "$(TEST_HOST)";
				CODE_SIGN_STYLE = Automatic;
				CURRENT_PROJECT_VERSION = 1;
				DEVELOPMENT_TEAM = Q7BEAG244J;
				GENERATE_INFOPLIST_FILE = YES;
				IPHONEOS_DEPLOYMENT_TARGET = 15.2;
				MARKETING_VERSION = 1.0;
				PRODUCT_BUNDLE_IDENTIFIER = com.mightystrong.MultiThreadedMonsterTests;
				PRODUCT_NAME = "$(TARGET_NAME)";
				SWIFT_EMIT_LOC_STRINGS = NO;
				SWIFT_VERSION = 5.0;
				TARGETED_DEVICE_FAMILY = "1,2";
				TEST_HOST = "$(BUILT_PRODUCTS_DIR)/MultiThreadedMonster.app/MultiThreadedMonster";
			};
			name = Debug;
		};
		8AC7524327DF16810002D4F7 /* Release */ = {
			isa = XCBuildConfiguration;
			buildSettings = {
				ALWAYS_EMBED_SWIFT_STANDARD_LIBRARIES = YES;
				BUNDLE_LOADER = "$(TEST_HOST)";
				CODE_SIGN_STYLE = Automatic;
				CURRENT_PROJECT_VERSION = 1;
				DEVELOPMENT_TEAM = Q7BEAG244J;
				GENERATE_INFOPLIST_FILE = YES;
				IPHONEOS_DEPLOYMENT_TARGET = 15.2;
				MARKETING_VERSION = 1.0;
				PRODUCT_BUNDLE_IDENTIFIER = com.mightystrong.MultiThreadedMonsterTests;
				PRODUCT_NAME = "$(TARGET_NAME)";
				SWIFT_EMIT_LOC_STRINGS = NO;
				SWIFT_VERSION = 5.0;
				TARGETED_DEVICE_FAMILY = "1,2";
				TEST_HOST = "$(BUILT_PRODUCTS_DIR)/MultiThreadedMonster.app/MultiThreadedMonster";
			};
			name = Release;
		};
		8AC7524527DF16810002D4F7 /* Debug */ = {
			isa = XCBuildConfiguration;
			buildSettings = {
				ALWAYS_EMBED_SWIFT_STANDARD_LIBRARIES = YES;
				CODE_SIGN_STYLE = Automatic;
				CURRENT_PROJECT_VERSION = 1;
				DEVELOPMENT_TEAM = Q7BEAG244J;
				GENERATE_INFOPLIST_FILE = YES;
				MARKETING_VERSION = 1.0;
				PRODUCT_BUNDLE_IDENTIFIER = com.mightystrong.MultiThreadedMonsterUITests;
				PRODUCT_NAME = "$(TARGET_NAME)";
				SWIFT_EMIT_LOC_STRINGS = NO;
				SWIFT_VERSION = 5.0;
				TARGETED_DEVICE_FAMILY = "1,2";
				TEST_TARGET_NAME = MultiThreadedMonster;
			};
			name = Debug;
		};
		8AC7524627DF16810002D4F7 /* Release */ = {
			isa = XCBuildConfiguration;
			buildSettings = {
				ALWAYS_EMBED_SWIFT_STANDARD_LIBRARIES = YES;
				CODE_SIGN_STYLE = Automatic;
				CURRENT_PROJECT_VERSION = 1;
				DEVELOPMENT_TEAM = Q7BEAG244J;
				GENERATE_INFOPLIST_FILE = YES;
				MARKETING_VERSION = 1.0;
				PRODUCT_BUNDLE_IDENTIFIER = com.mightystrong.MultiThreadedMonsterUITests;
				PRODUCT_NAME = "$(TARGET_NAME)";
				SWIFT_EMIT_LOC_STRINGS = NO;
				SWIFT_VERSION = 5.0;
				TARGETED_DEVICE_FAMILY = "1,2";
				TEST_TARGET_NAME = MultiThreadedMonster;
			};
			name = Release;
		};
/* End XCBuildConfiguration section */

/* Begin XCConfigurationList section */
		8AC7520F27DF16800002D4F7 /* Build configuration list for PBXProject "MultiThreadedMonster" */ = {
			isa = XCConfigurationList;
			buildConfigurations = (
				8AC7523C27DF16810002D4F7 /* Debug */,
				8AC7523D27DF16810002D4F7 /* Release */,
			);
			defaultConfigurationIsVisible = 0;
			defaultConfigurationName = Release;
		};
		8AC7523E27DF16810002D4F7 /* Build configuration list for PBXNativeTarget "MultiThreadedMonster" */ = {
			isa = XCConfigurationList;
			buildConfigurations = (
				8AC7523F27DF16810002D4F7 /* Debug */,
				8AC7524027DF16810002D4F7 /* Release */,
			);
			defaultConfigurationIsVisible = 0;
			defaultConfigurationName = Release;
		};
		8AC7524127DF16810002D4F7 /* Build configuration list for PBXNativeTarget "MultiThreadedMonsterTests" */ = {
			isa = XCConfigurationList;
			buildConfigurations = (
				8AC7524227DF16810002D4F7 /* Debug */,
				8AC7524327DF16810002D4F7 /* Release */,
			);
			defaultConfigurationIsVisible = 0;
			defaultConfigurationName = Release;
		};
		8AC7524427DF16810002D4F7 /* Build configuration list for PBXNativeTarget "MultiThreadedMonsterUITests" */ = {
			isa = XCConfigurationList;
			buildConfigurations = (
				8AC7524527DF16810002D4F7 /* Debug */,
				8AC7524627DF16810002D4F7 /* Release */,
			);
			defaultConfigurationIsVisible = 0;
			defaultConfigurationName = Release;
		};
/* End XCConfigurationList section */

/* Begin XCRemoteSwiftPackageReference section */
		8AC7524727DF16D90002D4F7 /* XCRemoteSwiftPackageReference "RxSwift" */ = {
			isa = XCRemoteSwiftPackageReference;
			repositoryURL = "https://github.com/ReactiveX/RxSwift";
			requirement = {
				kind = upToNextMajorVersion;
				minimumVersion = 6.0.0;
			};
		};
/* End XCRemoteSwiftPackageReference section */

/* Begin XCSwiftPackageProductDependency section */
		8AC7524827DF16D90002D4F7 /* RxCocoa */ = {
			isa = XCSwiftPackageProductDependency;
			package = 8AC7524727DF16D90002D4F7 /* XCRemoteSwiftPackageReference "RxSwift" */;
			productName = RxCocoa;
		};
		8AC7524A27DF16D90002D4F7 /* RxSwift */ = {
			isa = XCSwiftPackageProductDependency;
			package = 8AC7524727DF16D90002D4F7 /* XCRemoteSwiftPackageReference "RxSwift" */;
			productName = RxSwift;
		};
/* End XCSwiftPackageProductDependency section */
	};
	rootObject = 8AC7520C27DF16800002D4F7 /* Project object */;
}
